// !$*UTF8*$!
{
	archiveVersion = 1;
	classes = {
	};
	objectVersion = 55;
	objects = {

/* Begin PBXBuildFile section */
		280EAB38271484D100FD0558 /* MainVCFunctional.swift in Sources */ = {isa = PBXBuildFile; fileRef = 280EAB37271484D100FD0558 /* MainVCFunctional.swift */; };
		280EAB4D2716256600FD0558 /* StatVCFunctional.swift in Sources */ = {isa = PBXBuildFile; fileRef = 280EAB4C2716256600FD0558 /* StatVCFunctional.swift */; };
		282936F6270E64EF0038D812 /* Podfile in Resources */ = {isa = PBXBuildFile; fileRef = 282936F5270E64EF0038D812 /* Podfile */; };
		282936F8270F90010038D812 /* Support.swift in Sources */ = {isa = PBXBuildFile; fileRef = 282936F7270F90010038D812 /* Support.swift */; };
		282936FA270F9EF80038D812 /* StatVC.swift in Sources */ = {isa = PBXBuildFile; fileRef = 282936F9270F9EF80038D812 /* StatVC.swift */; };
		282936FD270FB5FE0038D812 /* GraphikSemibold.otf in Resources */ = {isa = PBXBuildFile; fileRef = 282936FC270FB5FE0038D812 /* GraphikSemibold.otf */; };
		282936FF2710EF780038D812 /* GraphikMedium.otf in Resources */ = {isa = PBXBuildFile; fileRef = 282936FE2710EF780038D812 /* GraphikMedium.otf */; };
		282937012710F2A40038D812 /* GraphikRegular.otf in Resources */ = {isa = PBXBuildFile; fileRef = 282937002710F2A40038D812 /* GraphikRegular.otf */; };
		28432921270B546F00F8698B /* AppDelegate.swift in Sources */ = {isa = PBXBuildFile; fileRef = 28432920270B546F00F8698B /* AppDelegate.swift */; };
		28432923270B546F00F8698B /* SceneDelegate.swift in Sources */ = {isa = PBXBuildFile; fileRef = 28432922270B546F00F8698B /* SceneDelegate.swift */; };
		28432925270B546F00F8698B /* MainVC.swift in Sources */ = {isa = PBXBuildFile; fileRef = 28432924270B546F00F8698B /* MainVC.swift */; };
		2843292A270B547900F8698B /* Assets.xcassets in Resources */ = {isa = PBXBuildFile; fileRef = 28432929270B547900F8698B /* Assets.xcassets */; };
		2843292D270B547900F8698B /* LaunchScreen.storyboard in Resources */ = {isa = PBXBuildFile; fileRef = 2843292B270B547900F8698B /* LaunchScreen.storyboard */; };
		28AD029A271B9BB90009B0F8 /* CustomAxis.swift in Sources */ = {isa = PBXBuildFile; fileRef = 28AD0299271B9BB90009B0F8 /* CustomAxis.swift */; };
		59FFF8261C2E4616782B57B7 /* Pods_Covid_19_Statistic.framework in Frameworks */ = {isa = PBXBuildFile; fileRef = 50B6D821633B99E77B340A09 /* Pods_Covid_19_Statistic.framework */; };
/* End PBXBuildFile section */

/* Begin PBXFileReference section */
		0776C1F97EC4C79EA2D71C44 /* Pods-Covid-19-Statistic.release.xcconfig */ = {isa = PBXFileReference; includeInIndex = 1; lastKnownFileType = text.xcconfig; name = "Pods-Covid-19-Statistic.release.xcconfig"; path = "Target Support Files/Pods-Covid-19-Statistic/Pods-Covid-19-Statistic.release.xcconfig"; sourceTree = "<group>"; };
		280EAB37271484D100FD0558 /* MainVCFunctional.swift */ = {isa = PBXFileReference; lastKnownFileType = sourcecode.swift; path = MainVCFunctional.swift; sourceTree = "<group>"; };
		280EAB4C2716256600FD0558 /* StatVCFunctional.swift */ = {isa = PBXFileReference; lastKnownFileType = sourcecode.swift; path = StatVCFunctional.swift; sourceTree = "<group>"; };
		282936F5270E64EF0038D812 /* Podfile */ = {isa = PBXFileReference; fileEncoding = 4; lastKnownFileType = text; path = Podfile; sourceTree = SOURCE_ROOT; xcLanguageSpecificationIdentifier = xcode.lang.ruby; };
		282936F7270F90010038D812 /* Support.swift */ = {isa = PBXFileReference; lastKnownFileType = sourcecode.swift; path = Support.swift; sourceTree = "<group>"; };
		282936F9270F9EF80038D812 /* StatVC.swift */ = {isa = PBXFileReference; lastKnownFileType = sourcecode.swift; path = StatVC.swift; sourceTree = "<group>"; };
		282936FC270FB5FE0038D812 /* GraphikSemibold.otf */ = {isa = PBXFileReference; lastKnownFileType = file; path = GraphikSemibold.otf; sourceTree = "<group>"; };
		282936FE2710EF780038D812 /* GraphikMedium.otf */ = {isa = PBXFileReference; lastKnownFileType = file; path = GraphikMedium.otf; sourceTree = "<group>"; };
		282937002710F2A40038D812 /* GraphikRegular.otf */ = {isa = PBXFileReference; lastKnownFileType = file; path = GraphikRegular.otf; sourceTree = "<group>"; };
		2843291D270B546F00F8698B /* Covid-19-Statistic.app */ = {isa = PBXFileReference; explicitFileType = wrapper.application; includeInIndex = 0; path = "Covid-19-Statistic.app"; sourceTree = BUILT_PRODUCTS_DIR; };
		28432920270B546F00F8698B /* AppDelegate.swift */ = {isa = PBXFileReference; lastKnownFileType = sourcecode.swift; path = AppDelegate.swift; sourceTree = "<group>"; };
		28432922270B546F00F8698B /* SceneDelegate.swift */ = {isa = PBXFileReference; lastKnownFileType = sourcecode.swift; path = SceneDelegate.swift; sourceTree = "<group>"; };
		28432924270B546F00F8698B /* MainVC.swift */ = {isa = PBXFileReference; lastKnownFileType = sourcecode.swift; path = MainVC.swift; sourceTree = "<group>"; };
		28432929270B547900F8698B /* Assets.xcassets */ = {isa = PBXFileReference; lastKnownFileType = folder.assetcatalog; path = Assets.xcassets; sourceTree = "<group>"; };
		2843292C270B547900F8698B /* Base */ = {isa = PBXFileReference; lastKnownFileType = file.storyboard; name = Base; path = Base.lproj/LaunchScreen.storyboard; sourceTree = "<group>"; };
		2843292E270B547900F8698B /* Info.plist */ = {isa = PBXFileReference; lastKnownFileType = text.plist.xml; path = Info.plist; sourceTree = "<group>"; };
		28AD0299271B9BB90009B0F8 /* CustomAxis.swift */ = {isa = PBXFileReference; lastKnownFileType = sourcecode.swift; path = CustomAxis.swift; sourceTree = "<group>"; };
		48386CE8626744DB5D80AB86 /* Pods-Covid-19-Statistic.debug.xcconfig */ = {isa = PBXFileReference; includeInIndex = 1; lastKnownFileType = text.xcconfig; name = "Pods-Covid-19-Statistic.debug.xcconfig"; path = "Target Support Files/Pods-Covid-19-Statistic/Pods-Covid-19-Statistic.debug.xcconfig"; sourceTree = "<group>"; };
		50B6D821633B99E77B340A09 /* Pods_Covid_19_Statistic.framework */ = {isa = PBXFileReference; explicitFileType = wrapper.framework; includeInIndex = 0; path = Pods_Covid_19_Statistic.framework; sourceTree = BUILT_PRODUCTS_DIR; };
/* End PBXFileReference section */

/* Begin PBXFrameworksBuildPhase section */
		2843291A270B546F00F8698B /* Frameworks */ = {
			isa = PBXFrameworksBuildPhase;
			buildActionMask = 2147483647;
			files = (
				59FFF8261C2E4616782B57B7 /* Pods_Covid_19_Statistic.framework in Frameworks */,
			);
			runOnlyForDeploymentPostprocessing = 0;
		};
/* End PBXFrameworksBuildPhase section */

/* Begin PBXGroup section */
		280EAB4B2716254D00FD0558 /* MainVC */ = {
			isa = PBXGroup;
			children = (
				28432924270B546F00F8698B /* MainVC.swift */,
				280EAB37271484D100FD0558 /* MainVCFunctional.swift */,
			);
			path = MainVC;
			sourceTree = "<group>";
		};
		280EAB4E271626CD00FD0558 /* StatVC */ = {
			isa = PBXGroup;
			children = (
				282936F9270F9EF80038D812 /* StatVC.swift */,
				280EAB4C2716256600FD0558 /* StatVCFunctional.swift */,
				28AD0299271B9BB90009B0F8 /* CustomAxis.swift */,
			);
			path = StatVC;
			sourceTree = "<group>";
		};
		282936FB270FB5E00038D812 /* Fonts */ = {
			isa = PBXGroup;
			children = (
				282936FE2710EF780038D812 /* GraphikMedium.otf */,
				282936FC270FB5FE0038D812 /* GraphikSemibold.otf */,
				282937002710F2A40038D812 /* GraphikRegular.otf */,
			);
			path = Fonts;
			sourceTree = "<group>";
		};
		28432914270B546F00F8698B = {
			isa = PBXGroup;
			children = (
				282936F5270E64EF0038D812 /* Podfile */,
				2843291F270B546F00F8698B /* Covid-19-Statistic */,
				2843291E270B546F00F8698B /* Products */,
				7EFAF976BB5F3D71BAE3D8E4 /* Pods */,
				88DBDA0364AE1008B41AA65C /* Frameworks */,
			);
			sourceTree = "<group>";
		};
		2843291E270B546F00F8698B /* Products */ = {
			isa = PBXGroup;
			children = (
				2843291D270B546F00F8698B /* Covid-19-Statistic.app */,
			);
			name = Products;
			sourceTree = "<group>";
		};
		2843291F270B546F00F8698B /* Covid-19-Statistic */ = {
			isa = PBXGroup;
			children = (
				282936FB270FB5E00038D812 /* Fonts */,
				28432920270B546F00F8698B /* AppDelegate.swift */,
				28432922270B546F00F8698B /* SceneDelegate.swift */,
				280EAB4B2716254D00FD0558 /* MainVC */,
				280EAB4E271626CD00FD0558 /* StatVC */,
				282936F7270F90010038D812 /* Support.swift */,
				28432929270B547900F8698B /* Assets.xcassets */,
				2843292B270B547900F8698B /* LaunchScreen.storyboard */,
				2843292E270B547900F8698B /* Info.plist */,
			);
			path = "Covid-19-Statistic";
			sourceTree = "<group>";
		};
		7EFAF976BB5F3D71BAE3D8E4 /* Pods */ = {
			isa = PBXGroup;
			children = (
				48386CE8626744DB5D80AB86 /* Pods-Covid-19-Statistic.debug.xcconfig */,
				0776C1F97EC4C79EA2D71C44 /* Pods-Covid-19-Statistic.release.xcconfig */,
			);
			path = Pods;
			sourceTree = "<group>";
		};
		88DBDA0364AE1008B41AA65C /* Frameworks */ = {
			isa = PBXGroup;
			children = (
				50B6D821633B99E77B340A09 /* Pods_Covid_19_Statistic.framework */,
			);
			name = Frameworks;
			sourceTree = "<group>";
		};
/* End PBXGroup section */

/* Begin PBXNativeTarget section */
		2843291C270B546F00F8698B /* Covid-19-Statistic */ = {
			isa = PBXNativeTarget;
			buildConfigurationList = 28432931270B547900F8698B /* Build configuration list for PBXNativeTarget "Covid-19-Statistic" */;
			buildPhases = (
				1177BBE04A55942E80EEEF4C /* [CP] Check Pods Manifest.lock */,
				28432919270B546F00F8698B /* Sources */,
				2843291A270B546F00F8698B /* Frameworks */,
				2843291B270B546F00F8698B /* Resources */,
				C31EFFC7AF51A70A0692E17F /* [CP] Embed Pods Frameworks */,
			);
			buildRules = (
			);
			dependencies = (
			);
			name = "Covid-19-Statistic";
			productName = "Covid-19-Statistic";
			productReference = 2843291D270B546F00F8698B /* Covid-19-Statistic.app */;
			productType = "com.apple.product-type.application";
		};
/* End PBXNativeTarget section */

/* Begin PBXProject section */
		28432915270B546F00F8698B /* Project object */ = {
			isa = PBXProject;
			attributes = {
				BuildIndependentTargetsInParallel = 1;
				LastSwiftUpdateCheck = 1300;
				LastUpgradeCheck = 1300;
				TargetAttributes = {
					2843291C270B546F00F8698B = {
						CreatedOnToolsVersion = 13.0;
					};
				};
			};
			buildConfigurationList = 28432918270B546F00F8698B /* Build configuration list for PBXProject "Covid-19-Statistic" */;
			compatibilityVersion = "Xcode 13.0";
			developmentRegion = en;
			hasScannedForEncodings = 0;
			knownRegions = (
				en,
				Base,
			);
			mainGroup = 28432914270B546F00F8698B;
			packageReferences = (
			);
			productRefGroup = 2843291E270B546F00F8698B /* Products */;
			projectDirPath = "";
			projectRoot = "";
			targets = (
				2843291C270B546F00F8698B /* Covid-19-Statistic */,
			);
		};
/* End PBXProject section */

/* Begin PBXResourcesBuildPhase section */
		2843291B270B546F00F8698B /* Resources */ = {
			isa = PBXResourcesBuildPhase;
			buildActionMask = 2147483647;
			files = (
				2843292D270B547900F8698B /* LaunchScreen.storyboard in Resources */,
				2843292A270B547900F8698B /* Assets.xcassets in Resources */,
				282936FF2710EF780038D812 /* GraphikMedium.otf in Resources */,
				282937012710F2A40038D812 /* GraphikRegular.otf in Resources */,
				282936F6270E64EF0038D812 /* Podfile in Resources */,
				282936FD270FB5FE0038D812 /* GraphikSemibold.otf in Resources */,
			);
			runOnlyForDeploymentPostprocessing = 0;
		};
/* End PBXResourcesBuildPhase section */

/* Begin PBXShellScriptBuildPhase section */
		1177BBE04A55942E80EEEF4C /* [CP] Check Pods Manifest.lock */ = {
			isa = PBXShellScriptBuildPhase;
			buildActionMask = 2147483647;
			files = (
			);
			inputFileListPaths = (
			);
			inputPaths = (
				"${PODS_PODFILE_DIR_PATH}/Podfile.lock",
				"${PODS_ROOT}/Manifest.lock",
			);
			name = "[CP] Check Pods Manifest.lock";
			outputFileListPaths = (
			);
			outputPaths = (
				"$(DERIVED_FILE_DIR)/Pods-Covid-19-Statistic-checkManifestLockResult.txt",
			);
			runOnlyForDeploymentPostprocessing = 0;
			shellPath = /bin/sh;
			shellScript = "diff \"${PODS_PODFILE_DIR_PATH}/Podfile.lock\" \"${PODS_ROOT}/Manifest.lock\" > /dev/null\nif [ $? != 0 ] ; then\n    # print error to STDERR\n    echo \"error: The sandbox is not in sync with the Podfile.lock. Run 'pod install' or update your CocoaPods installation.\" >&2\n    exit 1\nfi\n# This output is used by Xcode 'outputs' to avoid re-running this script phase.\necho \"SUCCESS\" > \"${SCRIPT_OUTPUT_FILE_0}\"\n";
			showEnvVarsInLog = 0;
		};
		C31EFFC7AF51A70A0692E17F /* [CP] Embed Pods Frameworks */ = {
			isa = PBXShellScriptBuildPhase;
			buildActionMask = 2147483647;
			files = (
			);
			inputFileListPaths = (
				"${PODS_ROOT}/Target Support Files/Pods-Covid-19-Statistic/Pods-Covid-19-Statistic-frameworks-${CONFIGURATION}-input-files.xcfilelist",
			);
			name = "[CP] Embed Pods Frameworks";
			outputFileListPaths = (
				"${PODS_ROOT}/Target Support Files/Pods-Covid-19-Statistic/Pods-Covid-19-Statistic-frameworks-${CONFIGURATION}-output-files.xcfilelist",
			);
			runOnlyForDeploymentPostprocessing = 0;
			shellPath = /bin/sh;
			shellScript = "\"${PODS_ROOT}/Target Support Files/Pods-Covid-19-Statistic/Pods-Covid-19-Statistic-frameworks.sh\"\n";
			showEnvVarsInLog = 0;
		};
/* End PBXShellScriptBuildPhase section */

/* Begin PBXSourcesBuildPhase section */
		28432919270B546F00F8698B /* Sources */ = {
			isa = PBXSourcesBuildPhase;
			buildActionMask = 2147483647;
			files = (
				28432925270B546F00F8698B /* MainVC.swift in Sources */,
				282936F8270F90010038D812 /* Support.swift in Sources */,
				28AD029A271B9BB90009B0F8 /* CustomAxis.swift in Sources */,
				280EAB4D2716256600FD0558 /* StatVCFunctional.swift in Sources */,
				28432921270B546F00F8698B /* AppDelegate.swift in Sources */,
				282936FA270F9EF80038D812 /* StatVC.swift in Sources */,
				280EAB38271484D100FD0558 /* MainVCFunctional.swift in Sources */,
				28432923270B546F00F8698B /* SceneDelegate.swift in Sources */,
			);
			runOnlyForDeploymentPostprocessing = 0;
		};
/* End PBXSourcesBuildPhase section */

/* Begin PBXVariantGroup section */
		2843292B270B547900F8698B /* LaunchScreen.storyboard */ = {
			isa = PBXVariantGroup;
			children = (
				2843292C270B547900F8698B /* Base */,
			);
			name = LaunchScreen.storyboard;
			sourceTree = "<group>";
		};
/* End PBXVariantGroup section */

/* Begin XCBuildConfiguration section */
		2843292F270B547900F8698B /* Debug */ = {
			isa = XCBuildConfiguration;
			buildSettings = {
				ALWAYS_SEARCH_USER_PATHS = NO;
				CLANG_ANALYZER_NONNULL = YES;
				CLANG_ANALYZER_NUMBER_OBJECT_CONVERSION = YES_AGGRESSIVE;
				CLANG_CXX_LANGUAGE_STANDARD = "gnu++17";
				CLANG_CXX_LIBRARY = "libc++";
				CLANG_ENABLE_MODULES = YES;
				CLANG_ENABLE_OBJC_ARC = YES;
				CLANG_ENABLE_OBJC_WEAK = YES;
				CLANG_WARN_BLOCK_CAPTURE_AUTORELEASING = YES;
				CLANG_WARN_BOOL_CONVERSION = YES;
				CLANG_WARN_COMMA = YES;
				CLANG_WARN_CONSTANT_CONVERSION = YES;
				CLANG_WARN_DEPRECATED_OBJC_IMPLEMENTATIONS = YES;
				CLANG_WARN_DIRECT_OBJC_ISA_USAGE = YES_ERROR;
				CLANG_WARN_DOCUMENTATION_COMMENTS = YES;
				CLANG_WARN_EMPTY_BODY = YES;
				CLANG_WARN_ENUM_CONVERSION = YES;
				CLANG_WARN_INFINITE_RECURSION = YES;
				CLANG_WARN_INT_CONVERSION = YES;
				CLANG_WARN_NON_LITERAL_NULL_CONVERSION = YES;
				CLANG_WARN_OBJC_IMPLICIT_RETAIN_SELF = YES;
				CLANG_WARN_OBJC_LITERAL_CONVERSION = YES;
				CLANG_WARN_OBJC_ROOT_CLASS = YES_ERROR;
				CLANG_WARN_QUOTED_INCLUDE_IN_FRAMEWORK_HEADER = YES;
				CLANG_WARN_RANGE_LOOP_ANALYSIS = YES;
				CLANG_WARN_STRICT_PROTOTYPES = YES;
				CLANG_WARN_SUSPICIOUS_MOVE = YES;
				CLANG_WARN_UNGUARDED_AVAILABILITY = YES_AGGRESSIVE;
				CLANG_WARN_UNREACHABLE_CODE = YES;
				CLANG_WARN__DUPLICATE_METHOD_MATCH = YES;
				COPY_PHASE_STRIP = NO;
				DEBUG_INFORMATION_FORMAT = dwarf;
				ENABLE_STRICT_OBJC_MSGSEND = YES;
				ENABLE_TESTABILITY = YES;
				GCC_C_LANGUAGE_STANDARD = gnu11;
				GCC_DYNAMIC_NO_PIC = NO;
				GCC_NO_COMMON_BLOCKS = YES;
				GCC_OPTIMIZATION_LEVEL = 0;
				GCC_PREPROCESSOR_DEFINITIONS = (
					"DEBUG=1",
					"$(inherited)",
				);
				GCC_WARN_64_TO_32_BIT_CONVERSION = YES;
				GCC_WARN_ABOUT_RETURN_TYPE = YES_ERROR;
				GCC_WARN_UNDECLARED_SELECTOR = YES;
				GCC_WARN_UNINITIALIZED_AUTOS = YES_AGGRESSIVE;
				GCC_WARN_UNUSED_FUNCTION = YES;
				GCC_WARN_UNUSED_VARIABLE = YES;
				IPHONEOS_DEPLOYMENT_TARGET = 15.0;
				MTL_ENABLE_DEBUG_INFO = INCLUDE_SOURCE;
				MTL_FAST_MATH = YES;
				ONLY_ACTIVE_ARCH = YES;
				SDKROOT = iphoneos;
				SWIFT_ACTIVE_COMPILATION_CONDITIONS = DEBUG;
				SWIFT_OPTIMIZATION_LEVEL = "-Onone";
			};
			name = Debug;
		};
		28432930270B547900F8698B /* Release */ = {
			isa = XCBuildConfiguration;
			buildSettings = {
				ALWAYS_SEARCH_USER_PATHS = NO;
				CLANG_ANALYZER_NONNULL = YES;
				CLANG_ANALYZER_NUMBER_OBJECT_CONVERSION = YES_AGGRESSIVE;
				CLANG_CXX_LANGUAGE_STANDARD = "gnu++17";
				CLANG_CXX_LIBRARY = "libc++";
				CLANG_ENABLE_MODULES = YES;
				CLANG_ENABLE_OBJC_ARC = YES;
				CLANG_ENABLE_OBJC_WEAK = YES;
				CLANG_WARN_BLOCK_CAPTURE_AUTORELEASING = YES;
				CLANG_WARN_BOOL_CONVERSION = YES;
				CLANG_WARN_COMMA = YES;
				CLANG_WARN_CONSTANT_CONVERSION = YES;
				CLANG_WARN_DEPRECATED_OBJC_IMPLEMENTATIONS = YES;
				CLANG_WARN_DIRECT_OBJC_ISA_USAGE = YES_ERROR;
				CLANG_WARN_DOCUMENTATION_COMMENTS = YES;
				CLANG_WARN_EMPTY_BODY = YES;
				CLANG_WARN_ENUM_CONVERSION = YES;
				CLANG_WARN_INFINITE_RECURSION = YES;
				CLANG_WARN_INT_CONVERSION = YES;
				CLANG_WARN_NON_LITERAL_NULL_CONVERSION = YES;
				CLANG_WARN_OBJC_IMPLICIT_RETAIN_SELF = YES;
				CLANG_WARN_OBJC_LITERAL_CONVERSION = YES;
				CLANG_WARN_OBJC_ROOT_CLASS = YES_ERROR;
				CLANG_WARN_QUOTED_INCLUDE_IN_FRAMEWORK_HEADER = YES;
				CLANG_WARN_RANGE_LOOP_ANALYSIS = YES;
				CLANG_WARN_STRICT_PROTOTYPES = YES;
				CLANG_WARN_SUSPICIOUS_MOVE = YES;
				CLANG_WARN_UNGUARDED_AVAILABILITY = YES_AGGRESSIVE;
				CLANG_WARN_UNREACHABLE_CODE = YES;
				CLANG_WARN__DUPLICATE_METHOD_MATCH = YES;
				COPY_PHASE_STRIP = NO;
				DEBUG_INFORMATION_FORMAT = "dwarf-with-dsym";
				ENABLE_NS_ASSERTIONS = NO;
				ENABLE_STRICT_OBJC_MSGSEND = YES;
				GCC_C_LANGUAGE_STANDARD = gnu11;
				GCC_NO_COMMON_BLOCKS = YES;
				GCC_WARN_64_TO_32_BIT_CONVERSION = YES;
				GCC_WARN_ABOUT_RETURN_TYPE = YES_ERROR;
				GCC_WARN_UNDECLARED_SELECTOR = YES;
				GCC_WARN_UNINITIALIZED_AUTOS = YES_AGGRESSIVE;
				GCC_WARN_UNUSED_FUNCTION = YES;
				GCC_WARN_UNUSED_VARIABLE = YES;
				IPHONEOS_DEPLOYMENT_TARGET = 15.0;
				MTL_ENABLE_DEBUG_INFO = NO;
				MTL_FAST_MATH = YES;
				SDKROOT = iphoneos;
				SWIFT_COMPILATION_MODE = wholemodule;
				SWIFT_OPTIMIZATION_LEVEL = "-O";
				VALIDATE_PRODUCT = YES;
			};
			name = Release;
		};
		28432932270B547900F8698B /* Debug */ = {
			isa = XCBuildConfiguration;
			baseConfigurationReference = 48386CE8626744DB5D80AB86 /* Pods-Covid-19-Statistic.debug.xcconfig */;
			buildSettings = {
				ASSETCATALOG_COMPILER_APPICON_NAME = AppIcon;
				ASSETCATALOG_COMPILER_GLOBAL_ACCENT_COLOR_NAME = AccentColor;
				CODE_SIGN_STYLE = Automatic;
				CURRENT_PROJECT_VERSION = 1;
				DEVELOPMENT_TEAM = 5BFVZ4T283;
				GENERATE_INFOPLIST_FILE = YES;
				INFOPLIST_FILE = "Covid-19-Statistic/Info.plist";
				INFOPLIST_KEY_UIApplicationSupportsIndirectInputEvents = YES;
				INFOPLIST_KEY_UILaunchStoryboardName = LaunchScreen;
				INFOPLIST_KEY_UISupportedInterfaceOrientations = UIInterfaceOrientationPortrait;
				INFOPLIST_KEY_UISupportedInterfaceOrientations_iPad = "UIInterfaceOrientationPortrait UIInterfaceOrientationPortraitUpsideDown UIInterfaceOrientationLandscapeLeft UIInterfaceOrientationLandscapeRight";
				INFOPLIST_KEY_UISupportedInterfaceOrientations_iPhone = "UIInterfaceOrientationPortrait UIInterfaceOrientationLandscapeLeft UIInterfaceOrientationLandscapeRight";
				LD_RUNPATH_SEARCH_PATHS = (
					"$(inherited)",
					"@executable_path/Frameworks",
				);
				MARKETING_VERSION = 1.0;
				PRODUCT_BUNDLE_IDENTIFIER = "site.immersing.Covid-19-Statistic";
				PRODUCT_NAME = "$(TARGET_NAME)";
				SWIFT_EMIT_LOC_STRINGS = YES;
				SWIFT_VERSION = 5.0;
				TARGETED_DEVICE_FAMILY = 1;
			};
			name = Debug;
		};
		28432933270B547900F8698B /* Release */ = {
			isa = XCBuildConfiguration;
			baseConfigurationReference = 0776C1F97EC4C79EA2D71C44 /* Pods-Covid-19-Statistic.release.xcconfig */;
			buildSettings = {
				ASSETCATALOG_COMPILER_APPICON_NAME = AppIcon;
				ASSETCATALOG_COMPILER_GLOBAL_ACCENT_COLOR_NAME = AccentColor;
				CODE_SIGN_STYLE = Automatic;
				CURRENT_PROJECT_VERSION = 1;
				DEVELOPMENT_TEAM = 5BFVZ4T283;
				GENERATE_INFOPLIST_FILE = YES;
				INFOPLIST_FILE = "Covid-19-Statistic/Info.plist";
				INFOPLIST_KEY_UIApplicationSupportsIndirectInputEvents = YES;
				INFOPLIST_KEY_UILaunchStoryboardName = LaunchScreen;
				INFOPLIST_KEY_UISupportedInterfaceOrientations = UIInterfaceOrientationPortrait;
				INFOPLIST_KEY_UISupportedInterfaceOrientations_iPad = "UIInterfaceOrientationPortrait UIInterfaceOrientationPortraitUpsideDown UIInterfaceOrientationLandscapeLeft UIInterfaceOrientationLandscapeRight";
				INFOPLIST_KEY_UISupportedInterfaceOrientations_iPhone = "UIInterfaceOrientationPortrait UIInterfaceOrientationLandscapeLeft UIInterfaceOrientationLandscapeRight";
				LD_RUNPATH_SEARCH_PATHS = (
					"$(inherited)",
					"@executable_path/Frameworks",
				);
				MARKETING_VERSION = 1.0;
				PRODUCT_BUNDLE_IDENTIFIER = "site.immersing.Covid-19-Statistic";
				PRODUCT_NAME = "$(TARGET_NAME)";
				SWIFT_EMIT_LOC_STRINGS = YES;
				SWIFT_VERSION = 5.0;
				TARGETED_DEVICE_FAMILY = 1;
			};
			name = Release;
		};
/* End XCBuildConfiguration section */

/* Begin XCConfigurationList section */
		28432918270B546F00F8698B /* Build configuration list for PBXProject "Covid-19-Statistic" */ = {
			isa = XCConfigurationList;
			buildConfigurations = (
				2843292F270B547900F8698B /* Debug */,
				28432930270B547900F8698B /* Release */,
			);
			defaultConfigurationIsVisible = 0;
			defaultConfigurationName = Release;
		};
		28432931270B547900F8698B /* Build configuration list for PBXNativeTarget "Covid-19-Statistic" */ = {
			isa = XCConfigurationList;
			buildConfigurations = (
				28432932270B547900F8698B /* Debug */,
				28432933270B547900F8698B /* Release */,
			);
			defaultConfigurationIsVisible = 0;
			defaultConfigurationName = Release;
		};
/* End XCConfigurationList section */
	};
	rootObject = 28432915270B546F00F8698B /* Project object */;
}
